
Microsoft Visual Studio Solution File, Format Version 12.00
# Visual Studio Version 17
VisualStudioVersion = 17.9.34607.119
MinimumVisualStudioVersion = 10.0.40219.1
Project("{9A19103F-16F7-4668-BE54-9A1E7A4F7556}") = "Repositories", "Repositories\Repositories.csproj", "{77EEFD87-7A88-4C8B-AF2E-18A040C1E097}"
EndProject
Project("{9A19103F-16F7-4668-BE54-9A1E7A4F7556}") = "Services", "Services\Services.csproj", "{D54232F5-03B8-47C3-B1F7-97033027424B}"
EndProject
Project("{9A19103F-16F7-4668-BE54-9A1E7A4F7556}") = "WebRazor", "WebRazor\WebRazor.csproj", "{5A4EE147-20C4-4AB4-95F6-2E36A36D0F11}"
EndProject
Global
	GlobalSection(SolutionConfigurationPlatforms) = preSolution
		Debug|Any CPU = Debug|Any CPU
		Release|Any CPU = Release|Any CPU
	EndGlobalSection
	GlobalSection(ProjectConfigurationPlatforms) = postSolution
		{77EEFD87-7A88-4C8B-AF2E-18A040C1E097}.Debug|Any CPU.ActiveCfg = Debug|Any CPU
		{77EEFD87-7A88-4C8B-AF2E-18A040C1E097}.Debug|Any CPU.Build.0 = Debug|Any CPU
		{77EEFD87-7A88-4C8B-AF2E-18A040C1E097}.Release|Any CPU.ActiveCfg = Release|Any CPU
		{77EEFD87-7A88-4C8B-AF2E-18A040C1E097}.Release|Any CPU.Build.0 = Release|Any CPU
		{D54232F5-03B8-47C3-B1F7-97033027424B}.Debug|Any CPU.ActiveCfg = Debug|Any CPU
		{D54232F5-03B8-47C3-B1F7-97033027424B}.Debug|Any CPU.Build.0 = Debug|Any CPU
		{D54232F5-03B8-47C3-B1F7-97033027424B}.Release|Any CPU.ActiveCfg = Release|Any CPU
		{D54232F5-03B8-47C3-B1F7-97033027424B}.Release|Any CPU.Build.0 = Release|Any CPU
		{5A4EE147-20C4-4AB4-95F6-2E36A36D0F11}.Debug|Any CPU.ActiveCfg = Debug|Any CPU
		{5A4EE147-20C4-4AB4-95F6-2E36A36D0F11}.Debug|Any CPU.Build.0 = Debug|Any CPU
		{5A4EE147-20C4-4AB4-95F6-2E36A36D0F11}.Release|Any CPU.ActiveCfg = Release|Any CPU
		{5A4EE147-20C4-4AB4-95F6-2E36A36D0F11}.Release|Any CPU.Build.0 = Release|Any CPU
	EndGlobalSection
	GlobalSection(SolutionProperties) = preSolution
		HideSolutionNode = FALSE
	EndGlobalSection
	GlobalSection(ExtensibilityGlobals) = postSolution
		SolutionGuid = {4697F8E1-2330-4122-B0B8-801DFEAC54C8}
	EndGlobalSection
EndGlobal
