
Microsoft Visual Studio Solution File, Format Version 12.00
# Visual Studio Version 17
VisualStudioVersion = 17.9.34607.119
MinimumVisualStudioVersion = 10.0.40219.1
Project("{9A19103F-16F7-4668-BE54-9A1E7A4F7556}") = "WebRazor", "WebRazor\WebRazor.csproj", "{5A4EE147-20C4-4AB4-95F6-2E36A36D0F11}"
EndProject
Project("{9A19103F-16F7-4668-BE54-9A1E7A4F7556}") = "PetShopLibrary", "PetShopLibrary\PetShopLibrary.csproj", "{C4302A0A-4564-467B-8E55-CD826A7DDEEB}"
EndProject
Global
	GlobalSection(SolutionConfigurationPlatforms) = preSolution
		Debug|Any CPU = Debug|Any CPU
		Release|Any CPU = Release|Any CPU
	EndGlobalSection
	GlobalSection(ProjectConfigurationPlatforms) = postSolution
		{5A4EE147-20C4-4AB4-95F6-2E36A36D0F11}.Debug|Any CPU.ActiveCfg = Debug|Any CPU
		{5A4EE147-20C4-4AB4-95F6-2E36A36D0F11}.Debug|Any CPU.Build.0 = Debug|Any CPU
		{5A4EE147-20C4-4AB4-95F6-2E36A36D0F11}.Release|Any CPU.ActiveCfg = Release|Any CPU
		{5A4EE147-20C4-4AB4-95F6-2E36A36D0F11}.Release|Any CPU.Build.0 = Release|Any CPU
		{C4302A0A-4564-467B-8E55-CD826A7DDEEB}.Debug|Any CPU.ActiveCfg = Debug|Any CPU
		{C4302A0A-4564-467B-8E55-CD826A7DDEEB}.Debug|Any CPU.Build.0 = Debug|Any CPU
		{C4302A0A-4564-467B-8E55-CD826A7DDEEB}.Release|Any CPU.ActiveCfg = Release|Any CPU
		{C4302A0A-4564-467B-8E55-CD826A7DDEEB}.Release|Any CPU.Build.0 = Release|Any CPU
	EndGlobalSection
	GlobalSection(SolutionProperties) = preSolution
		HideSolutionNode = FALSE
	EndGlobalSection
	GlobalSection(ExtensibilityGlobals) = postSolution
		SolutionGuid = {4697F8E1-2330-4122-B0B8-801DFEAC54C8}
	EndGlobalSection
EndGlobal
